// !$*UTF8*$!
{
	archiveVersion = 1;
	classes = {
	};
	objectVersion = 56;
	objects = {

/* Begin PBXBuildFile section */
		BAB7EBDE2D16E9970097BDA2 /* AppDelegate.swift in Sources */ = {isa = PBXBuildFile; fileRef = BAB7EBDD2D16E9970097BDA2 /* AppDelegate.swift */; };
		BAB7EBE02D16E9970097BDA2 /* SceneDelegate.swift in Sources */ = {isa = PBXBuildFile; fileRef = BAB7EBDF2D16E9970097BDA2 /* SceneDelegate.swift */; };
		BAB7EBE22D16E9970097BDA2 /* ViewController.swift in Sources */ = {isa = PBXBuildFile; fileRef = BAB7EBE12D16E9970097BDA2 /* ViewController.swift */; };
		BAB7EBE52D16E9970097BDA2 /* Main.storyboard in Resources */ = {isa = PBXBuildFile; fileRef = BAB7EBE32D16E9970097BDA2 /* Main.storyboard */; };
		BAB7EBE72D16E9980097BDA2 /* Assets.xcassets in Resources */ = {isa = PBXBuildFile; fileRef = BAB7EBE62D16E9980097BDA2 /* Assets.xcassets */; };
		BAB7EBEA2D16E9980097BDA2 /* LaunchScreen.storyboard in Resources */ = {isa = PBXBuildFile; fileRef = BAB7EBE82D16E9980097BDA2 /* LaunchScreen.storyboard */; };
		BAB7EBF52D16E9980097BDA2 /* TopCryptoMonitorTests.swift in Sources */ = {isa = PBXBuildFile; fileRef = BAB7EBF42D16E9980097BDA2 /* TopCryptoMonitorTests.swift */; };
		BAB7EBFF2D16E9980097BDA2 /* TopCryptoMonitorUITests.swift in Sources */ = {isa = PBXBuildFile; fileRef = BAB7EBFE2D16E9980097BDA2 /* TopCryptoMonitorUITests.swift */; };
		BAB7EC012D16E9980097BDA2 /* TopCryptoMonitorUITestsLaunchTests.swift in Sources */ = {isa = PBXBuildFile; fileRef = BAB7EC002D16E9980097BDA2 /* TopCryptoMonitorUITestsLaunchTests.swift */; };
/* End PBXBuildFile section */

/* Begin PBXContainerItemProxy section */
		BAB7EBF12D16E9980097BDA2 /* PBXContainerItemProxy */ = {
			isa = PBXContainerItemProxy;
			containerPortal = BAB7EBD22D16E9970097BDA2 /* Project object */;
			proxyType = 1;
			remoteGlobalIDString = BAB7EBD92D16E9970097BDA2;
			remoteInfo = TopCryptoMonitor;
		};
		BAB7EBFB2D16E9980097BDA2 /* PBXContainerItemProxy */ = {
			isa = PBXContainerItemProxy;
			containerPortal = BAB7EBD22D16E9970097BDA2 /* Project object */;
			proxyType = 1;
			remoteGlobalIDString = BAB7EBD92D16E9970097BDA2;
			remoteInfo = TopCryptoMonitor;
		};
/* End PBXContainerItemProxy section */

/* Begin PBXFileReference section */
		BAB7EBDA2D16E9970097BDA2 /* TopCryptoMonitor.app */ = {isa = PBXFileReference; explicitFileType = wrapper.application; includeInIndex = 0; path = TopCryptoMonitor.app; sourceTree = BUILT_PRODUCTS_DIR; };
		BAB7EBDD2D16E9970097BDA2 /* AppDelegate.swift */ = {isa = PBXFileReference; lastKnownFileType = sourcecode.swift; path = AppDelegate.swift; sourceTree = "<group>"; };
		BAB7EBDF2D16E9970097BDA2 /* SceneDelegate.swift */ = {isa = PBXFileReference; lastKnownFileType = sourcecode.swift; path = SceneDelegate.swift; sourceTree = "<group>"; };
		BAB7EBE12D16E9970097BDA2 /* ViewController.swift */ = {isa = PBXFileReference; lastKnownFileType = sourcecode.swift; path = ViewController.swift; sourceTree = "<group>"; };
		BAB7EBE42D16E9970097BDA2 /* Base */ = {isa = PBXFileReference; lastKnownFileType = file.storyboard; name = Base; path = Base.lproj/Main.storyboard; sourceTree = "<group>"; };
		BAB7EBE62D16E9980097BDA2 /* Assets.xcassets */ = {isa = PBXFileReference; lastKnownFileType = folder.assetcatalog; path = Assets.xcassets; sourceTree = "<group>"; };
		BAB7EBE92D16E9980097BDA2 /* Base */ = {isa = PBXFileReference; lastKnownFileType = file.storyboard; name = Base; path = Base.lproj/LaunchScreen.storyboard; sourceTree = "<group>"; };
		BAB7EBEB2D16E9980097BDA2 /* Info.plist */ = {isa = PBXFileReference; lastKnownFileType = text.plist.xml; path = Info.plist; sourceTree = "<group>"; };
		BAB7EBF02D16E9980097BDA2 /* TopCryptoMonitorTests.xctest */ = {isa = PBXFileReference; explicitFileType = wrapper.cfbundle; includeInIndex = 0; path = TopCryptoMonitorTests.xctest; sourceTree = BUILT_PRODUCTS_DIR; };
		BAB7EBF42D16E9980097BDA2 /* TopCryptoMonitorTests.swift */ = {isa = PBXFileReference; lastKnownFileType = sourcecode.swift; path = TopCryptoMonitorTests.swift; sourceTree = "<group>"; };
		BAB7EBFA2D16E9980097BDA2 /* TopCryptoMonitorUITests.xctest */ = {isa = PBXFileReference; explicitFileType = wrapper.cfbundle; includeInIndex = 0; path = TopCryptoMonitorUITests.xctest; sourceTree = BUILT_PRODUCTS_DIR; };
		BAB7EBFE2D16E9980097BDA2 /* TopCryptoMonitorUITests.swift */ = {isa = PBXFileReference; lastKnownFileType = sourcecode.swift; path = TopCryptoMonitorUITests.swift; sourceTree = "<group>"; };
		BAB7EC002D16E9980097BDA2 /* TopCryptoMonitorUITestsLaunchTests.swift */ = {isa = PBXFileReference; lastKnownFileType = sourcecode.swift; path = TopCryptoMonitorUITestsLaunchTests.swift; sourceTree = "<group>"; };
/* End PBXFileReference section */

/* Begin PBXFrameworksBuildPhase section */
		BAB7EBD72D16E9970097BDA2 /* Frameworks */ = {
			isa = PBXFrameworksBuildPhase;
			buildActionMask = 2147483647;
			files = (
			);
			runOnlyForDeploymentPostprocessing = 0;
		};
		BAB7EBED2D16E9980097BDA2 /* Frameworks */ = {
			isa = PBXFrameworksBuildPhase;
			buildActionMask = 2147483647;
			files = (
			);
			runOnlyForDeploymentPostprocessing = 0;
		};
		BAB7EBF72D16E9980097BDA2 /* Frameworks */ = {
			isa = PBXFrameworksBuildPhase;
			buildActionMask = 2147483647;
			files = (
			);
			runOnlyForDeploymentPostprocessing = 0;
		};
/* End PBXFrameworksBuildPhase section */

/* Begin PBXGroup section */
		BAB7EBD12D16E9970097BDA2 = {
			isa = PBXGroup;
			children = (
				BAB7EBDC2D16E9970097BDA2 /* TopCryptoMonitor */,
				BAB7EBF32D16E9980097BDA2 /* TopCryptoMonitorTests */,
				BAB7EBFD2D16E9980097BDA2 /* TopCryptoMonitorUITests */,
				BAB7EBDB2D16E9970097BDA2 /* Products */,
			);
			sourceTree = "<group>";
		};
		BAB7EBDB2D16E9970097BDA2 /* Products */ = {
			isa = PBXGroup;
			children = (
				BAB7EBDA2D16E9970097BDA2 /* TopCryptoMonitor.app */,
				BAB7EBF02D16E9980097BDA2 /* TopCryptoMonitorTests.xctest */,
				BAB7EBFA2D16E9980097BDA2 /* TopCryptoMonitorUITests.xctest */,
			);
			name = Products;
			sourceTree = "<group>";
		};
		BAB7EBDC2D16E9970097BDA2 /* TopCryptoMonitor */ = {
			isa = PBXGroup;
			children = (
				BAB7EBDD2D16E9970097BDA2 /* AppDelegate.swift */,
				BAB7EBDF2D16E9970097BDA2 /* SceneDelegate.swift */,
				BAB7EBE12D16E9970097BDA2 /* ViewController.swift */,
				BAB7EBE32D16E9970097BDA2 /* Main.storyboard */,
				BAB7EBE62D16E9980097BDA2 /* Assets.xcassets */,
				BAB7EBE82D16E9980097BDA2 /* LaunchScreen.storyboard */,
				BAB7EBEB2D16E9980097BDA2 /* Info.plist */,
			);
			path = TopCryptoMonitor;
			sourceTree = "<group>";
		};
		BAB7EBF32D16E9980097BDA2 /* TopCryptoMonitorTests */ = {
			isa = PBXGroup;
			children = (
				BAB7EBF42D16E9980097BDA2 /* TopCryptoMonitorTests.swift */,
			);
			path = TopCryptoMonitorTests;
			sourceTree = "<group>";
		};
		BAB7EBFD2D16E9980097BDA2 /* TopCryptoMonitorUITests */ = {
			isa = PBXGroup;
			children = (
				BAB7EBFE2D16E9980097BDA2 /* TopCryptoMonitorUITests.swift */,
				BAB7EC002D16E9980097BDA2 /* TopCryptoMonitorUITestsLaunchTests.swift */,
			);
			path = TopCryptoMonitorUITests;
			sourceTree = "<group>";
		};
/* End PBXGroup section */

/* Begin PBXNativeTarget section */
		BAB7EBD92D16E9970097BDA2 /* TopCryptoMonitor */ = {
			isa = PBXNativeTarget;
			buildConfigurationList = BAB7EC042D16E9980097BDA2 /* Build configuration list for PBXNativeTarget "TopCryptoMonitor" */;
			buildPhases = (
				BAB7EBD62D16E9970097BDA2 /* Sources */,
				BAB7EBD72D16E9970097BDA2 /* Frameworks */,
				BAB7EBD82D16E9970097BDA2 /* Resources */,
			);
			buildRules = (
			);
			dependencies = (
			);
			name = TopCryptoMonitor;
			productName = TopCryptoMonitor;
			productReference = BAB7EBDA2D16E9970097BDA2 /* TopCryptoMonitor.app */;
			productType = "com.apple.product-type.application";
		};
		BAB7EBEF2D16E9980097BDA2 /* TopCryptoMonitorTests */ = {
			isa = PBXNativeTarget;
			buildConfigurationList = BAB7EC072D16E9980097BDA2 /* Build configuration list for PBXNativeTarget "TopCryptoMonitorTests" */;
			buildPhases = (
				BAB7EBEC2D16E9980097BDA2 /* Sources */,
				BAB7EBED2D16E9980097BDA2 /* Frameworks */,
				BAB7EBEE2D16E9980097BDA2 /* Resources */,
			);
			buildRules = (
			);
			dependencies = (
				BAB7EBF22D16E9980097BDA2 /* PBXTargetDependency */,
			);
			name = TopCryptoMonitorTests;
			productName = TopCryptoMonitorTests;
			productReference = BAB7EBF02D16E9980097BDA2 /* TopCryptoMonitorTests.xctest */;
			productType = "com.apple.product-type.bundle.unit-test";
		};
		BAB7EBF92D16E9980097BDA2 /* TopCryptoMonitorUITests */ = {
			isa = PBXNativeTarget;
			buildConfigurationList = BAB7EC0A2D16E9980097BDA2 /* Build configuration list for PBXNativeTarget "TopCryptoMonitorUITests" */;
			buildPhases = (
				BAB7EBF62D16E9980097BDA2 /* Sources */,
				BAB7EBF72D16E9980097BDA2 /* Frameworks */,
				BAB7EBF82D16E9980097BDA2 /* Resources */,
			);
			buildRules = (
			);
			dependencies = (
				BAB7EBFC2D16E9980097BDA2 /* PBXTargetDependency */,
			);
			name = TopCryptoMonitorUITests;
			productName = TopCryptoMonitorUITests;
			productReference = BAB7EBFA2D16E9980097BDA2 /* TopCryptoMonitorUITests.xctest */;
			productType = "com.apple.product-type.bundle.ui-testing";
		};
/* End PBXNativeTarget section */

/* Begin PBXProject section */
		BAB7EBD22D16E9970097BDA2 /* Project object */ = {
			isa = PBXProject;
			attributes = {
				BuildIndependentTargetsInParallel = 1;
				LastSwiftUpdateCheck = 1520;
				LastUpgradeCheck = 1520;
				TargetAttributes = {
					BAB7EBD92D16E9970097BDA2 = {
						CreatedOnToolsVersion = 15.2;
					};
					BAB7EBEF2D16E9980097BDA2 = {
						CreatedOnToolsVersion = 15.2;
						TestTargetID = BAB7EBD92D16E9970097BDA2;
					};
					BAB7EBF92D16E9980097BDA2 = {
						CreatedOnToolsVersion = 15.2;
						TestTargetID = BAB7EBD92D16E9970097BDA2;
					};
				};
			};
			buildConfigurationList = BAB7EBD52D16E9970097BDA2 /* Build configuration list for PBXProject "TopCryptoMonitor" */;
			compatibilityVersion = "Xcode 14.0";
			developmentRegion = en;
			hasScannedForEncodings = 0;
			knownRegions = (
				en,
				Base,
			);
			mainGroup = BAB7EBD12D16E9970097BDA2;
			productRefGroup = BAB7EBDB2D16E9970097BDA2 /* Products */;
			projectDirPath = "";
			projectRoot = "";
			targets = (
				BAB7EBD92D16E9970097BDA2 /* TopCryptoMonitor */,
				BAB7EBEF2D16E9980097BDA2 /* TopCryptoMonitorTests */,
				BAB7EBF92D16E9980097BDA2 /* TopCryptoMonitorUITests */,
			);
		};
/* End PBXProject section */

/* Begin PBXResourcesBuildPhase section */
		BAB7EBD82D16E9970097BDA2 /* Resources */ = {
			isa = PBXResourcesBuildPhase;
			buildActionMask = 2147483647;
			files = (
				BAB7EBEA2D16E9980097BDA2 /* LaunchScreen.storyboard in Resources */,
				BAB7EBE72D16E9980097BDA2 /* Assets.xcassets in Resources */,
				BAB7EBE52D16E9970097BDA2 /* Main.storyboard in Resources */,
			);
			runOnlyForDeploymentPostprocessing = 0;
		};
		BAB7EBEE2D16E9980097BDA2 /* Resources */ = {
			isa = PBXResourcesBuildPhase;
			buildActionMask = 2147483647;
			files = (
			);
			runOnlyForDeploymentPostprocessing = 0;
		};
		BAB7EBF82D16E9980097BDA2 /* Resources */ = {
			isa = PBXResourcesBuildPhase;
			buildActionMask = 2147483647;
			files = (
			);
			runOnlyForDeploymentPostprocessing = 0;
		};
/* End PBXResourcesBuildPhase section */

/* Begin PBXSourcesBuildPhase section */
		BAB7EBD62D16E9970097BDA2 /* Sources */ = {
			isa = PBXSourcesBuildPhase;
			buildActionMask = 2147483647;
			files = (
				BAB7EBE22D16E9970097BDA2 /* ViewController.swift in Sources */,
				BAB7EBDE2D16E9970097BDA2 /* AppDelegate.swift in Sources */,
				BAB7EBE02D16E9970097BDA2 /* SceneDelegate.swift in Sources */,
			);
			runOnlyForDeploymentPostprocessing = 0;
		};
		BAB7EBEC2D16E9980097BDA2 /* Sources */ = {
			isa = PBXSourcesBuildPhase;
			buildActionMask = 2147483647;
			files = (
				BAB7EBF52D16E9980097BDA2 /* TopCryptoMonitorTests.swift in Sources */,
			);
			runOnlyForDeploymentPostprocessing = 0;
		};
		BAB7EBF62D16E9980097BDA2 /* Sources */ = {
			isa = PBXSourcesBuildPhase;
			buildActionMask = 2147483647;
			files = (
				BAB7EC012D16E9980097BDA2 /* TopCryptoMonitorUITestsLaunchTests.swift in Sources */,
				BAB7EBFF2D16E9980097BDA2 /* TopCryptoMonitorUITests.swift in Sources */,
			);
			runOnlyForDeploymentPostprocessing = 0;
		};
/* End PBXSourcesBuildPhase section */

/* Begin PBXTargetDependency section */
		BAB7EBF22D16E9980097BDA2 /* PBXTargetDependency */ = {
			isa = PBXTargetDependency;
			target = BAB7EBD92D16E9970097BDA2 /* TopCryptoMonitor */;
			targetProxy = BAB7EBF12D16E9980097BDA2 /* PBXContainerItemProxy */;
		};
		BAB7EBFC2D16E9980097BDA2 /* PBXTargetDependency */ = {
			isa = PBXTargetDependency;
			target = BAB7EBD92D16E9970097BDA2 /* TopCryptoMonitor */;
			targetProxy = BAB7EBFB2D16E9980097BDA2 /* PBXContainerItemProxy */;
		};
/* End PBXTargetDependency section */

/* Begin PBXVariantGroup section */
		BAB7EBE32D16E9970097BDA2 /* Main.storyboard */ = {
			isa = PBXVariantGroup;
			children = (
				BAB7EBE42D16E9970097BDA2 /* Base */,
			);
			name = Main.storyboard;
			sourceTree = "<group>";
		};
		BAB7EBE82D16E9980097BDA2 /* LaunchScreen.storyboard */ = {
			isa = PBXVariantGroup;
			children = (
				BAB7EBE92D16E9980097BDA2 /* Base */,
			);
			name = LaunchScreen.storyboard;
			sourceTree = "<group>";
		};
/* End PBXVariantGroup section */

/* Begin XCBuildConfiguration section */
		BAB7EC022D16E9980097BDA2 /* Debug */ = {
			isa = XCBuildConfiguration;
			buildSettings = {
				ALWAYS_SEARCH_USER_PATHS = NO;
				ASSETCATALOG_COMPILER_GENERATE_SWIFT_ASSET_SYMBOL_EXTENSIONS = YES;
				CLANG_ANALYZER_NONNULL = YES;
				CLANG_ANALYZER_NUMBER_OBJECT_CONVERSION = YES_AGGRESSIVE;
				CLANG_CXX_LANGUAGE_STANDARD = "gnu++20";
				CLANG_ENABLE_MODULES = YES;
				CLANG_ENABLE_OBJC_ARC = YES;
				CLANG_ENABLE_OBJC_WEAK = YES;
				CLANG_WARN_BLOCK_CAPTURE_AUTORELEASING = YES;
				CLANG_WARN_BOOL_CONVERSION = YES;
				CLANG_WARN_COMMA = YES;
				CLANG_WARN_CONSTANT_CONVERSION = YES;
				CLANG_WARN_DEPRECATED_OBJC_IMPLEMENTATIONS = YES;
				CLANG_WARN_DIRECT_OBJC_ISA_USAGE = YES_ERROR;
				CLANG_WARN_DOCUMENTATION_COMMENTS = YES;
				CLANG_WARN_EMPTY_BODY = YES;
				CLANG_WARN_ENUM_CONVERSION = YES;
				CLANG_WARN_INFINITE_RECURSION = YES;
				CLANG_WARN_INT_CONVERSION = YES;
				CLANG_WARN_NON_LITERAL_NULL_CONVERSION = YES;
				CLANG_WARN_OBJC_IMPLICIT_RETAIN_SELF = YES;
				CLANG_WARN_OBJC_LITERAL_CONVERSION = YES;
				CLANG_WARN_OBJC_ROOT_CLASS = YES_ERROR;
				CLANG_WARN_QUOTED_INCLUDE_IN_FRAMEWORK_HEADER = YES;
				CLANG_WARN_RANGE_LOOP_ANALYSIS = YES;
				CLANG_WARN_STRICT_PROTOTYPES = YES;
				CLANG_WARN_SUSPICIOUS_MOVE = YES;
				CLANG_WARN_UNGUARDED_AVAILABILITY = YES_AGGRESSIVE;
				CLANG_WARN_UNREACHABLE_CODE = YES;
				CLANG_WARN__DUPLICATE_METHOD_MATCH = YES;
				COPY_PHASE_STRIP = NO;
				DEBUG_INFORMATION_FORMAT = dwarf;
				ENABLE_STRICT_OBJC_MSGSEND = YES;
				ENABLE_TESTABILITY = YES;
				ENABLE_USER_SCRIPT_SANDBOXING = YES;
				GCC_C_LANGUAGE_STANDARD = gnu17;
				GCC_DYNAMIC_NO_PIC = NO;
				GCC_NO_COMMON_BLOCKS = YES;
				GCC_OPTIMIZATION_LEVEL = 0;
				GCC_PREPROCESSOR_DEFINITIONS = (
					"DEBUG=1",
					"$(inherited)",
				);
				GCC_WARN_64_TO_32_BIT_CONVERSION = YES;
				GCC_WARN_ABOUT_RETURN_TYPE = YES_ERROR;
				GCC_WARN_UNDECLARED_SELECTOR = YES;
				GCC_WARN_UNINITIALIZED_AUTOS = YES_AGGRESSIVE;
				GCC_WARN_UNUSED_FUNCTION = YES;
				GCC_WARN_UNUSED_VARIABLE = YES;
				IPHONEOS_DEPLOYMENT_TARGET = 17.2;
				LOCALIZATION_PREFERS_STRING_CATALOGS = YES;
				MTL_ENABLE_DEBUG_INFO = INCLUDE_SOURCE;
				MTL_FAST_MATH = YES;
				ONLY_ACTIVE_ARCH = YES;
				SDKROOT = iphoneos;
				SWIFT_ACTIVE_COMPILATION_CONDITIONS = "DEBUG $(inherited)";
				SWIFT_OPTIMIZATION_LEVEL = "-Onone";
			};
			name = Debug;
		};
		BAB7EC032D16E9980097BDA2 /* Release */ = {
			isa = XCBuildConfiguration;
			buildSettings = {
				ALWAYS_SEARCH_USER_PATHS = NO;
				ASSETCATALOG_COMPILER_GENERATE_SWIFT_ASSET_SYMBOL_EXTENSIONS = YES;
				CLANG_ANALYZER_NONNULL = YES;
				CLANG_ANALYZER_NUMBER_OBJECT_CONVERSION = YES_AGGRESSIVE;
				CLANG_CXX_LANGUAGE_STANDARD = "gnu++20";
				CLANG_ENABLE_MODULES = YES;
				CLANG_ENABLE_OBJC_ARC = YES;
				CLANG_ENABLE_OBJC_WEAK = YES;
				CLANG_WARN_BLOCK_CAPTURE_AUTORELEASING = YES;
				CLANG_WARN_BOOL_CONVERSION = YES;
				CLANG_WARN_COMMA = YES;
				CLANG_WARN_CONSTANT_CONVERSION = YES;
				CLANG_WARN_DEPRECATED_OBJC_IMPLEMENTATIONS = YES;
				CLANG_WARN_DIRECT_OBJC_ISA_USAGE = YES_ERROR;
				CLANG_WARN_DOCUMENTATION_COMMENTS = YES;
				CLANG_WARN_EMPTY_BODY = YES;
				CLANG_WARN_ENUM_CONVERSION = YES;
				CLANG_WARN_INFINITE_RECURSION = YES;
				CLANG_WARN_INT_CONVERSION = YES;
				CLANG_WARN_NON_LITERAL_NULL_CONVERSION = YES;
				CLANG_WARN_OBJC_IMPLICIT_RETAIN_SELF = YES;
				CLANG_WARN_OBJC_LITERAL_CONVERSION = YES;
				CLANG_WARN_OBJC_ROOT_CLASS = YES_ERROR;
				CLANG_WARN_QUOTED_INCLUDE_IN_FRAMEWORK_HEADER = YES;
				CLANG_WARN_RANGE_LOOP_ANALYSIS = YES;
				CLANG_WARN_STRICT_PROTOTYPES = YES;
				CLANG_WARN_SUSPICIOUS_MOVE = YES;
				CLANG_WARN_UNGUARDED_AVAILABILITY = YES_AGGRESSIVE;
				CLANG_WARN_UNREACHABLE_CODE = YES;
				CLANG_WARN__DUPLICATE_METHOD_MATCH = YES;
				COPY_PHASE_STRIP = NO;
				DEBUG_INFORMATION_FORMAT = "dwarf-with-dsym";
				ENABLE_NS_ASSERTIONS = NO;
				ENABLE_STRICT_OBJC_MSGSEND = YES;
				ENABLE_USER_SCRIPT_SANDBOXING = YES;
				GCC_C_LANGUAGE_STANDARD = gnu17;
				GCC_NO_COMMON_BLOCKS = YES;
				GCC_WARN_64_TO_32_BIT_CONVERSION = YES;
				GCC_WARN_ABOUT_RETURN_TYPE = YES_ERROR;
				GCC_WARN_UNDECLARED_SELECTOR = YES;
				GCC_WARN_UNINITIALIZED_AUTOS = YES_AGGRESSIVE;
				GCC_WARN_UNUSED_FUNCTION = YES;
				GCC_WARN_UNUSED_VARIABLE = YES;
				IPHONEOS_DEPLOYMENT_TARGET = 17.2;
				LOCALIZATION_PREFERS_STRING_CATALOGS = YES;
				MTL_ENABLE_DEBUG_INFO = NO;
				MTL_FAST_MATH = YES;
				SDKROOT = iphoneos;
				SWIFT_COMPILATION_MODE = wholemodule;
				VALIDATE_PRODUCT = YES;
			};
			name = Release;
		};
		BAB7EC052D16E9980097BDA2 /* Debug */ = {
			isa = XCBuildConfiguration;
			buildSettings = {
				ASSETCATALOG_COMPILER_APPICON_NAME = AppIcon;
				ASSETCATALOG_COMPILER_GLOBAL_ACCENT_COLOR_NAME = AccentColor;
				CODE_SIGN_STYLE = Automatic;
				CURRENT_PROJECT_VERSION = 1;
				DEVELOPMENT_TEAM = 6785X5JWR4;
				GENERATE_INFOPLIST_FILE = YES;
				INFOPLIST_FILE = TopCryptoMonitor/Info.plist;
				INFOPLIST_KEY_UIApplicationSupportsIndirectInputEvents = YES;
				INFOPLIST_KEY_UILaunchStoryboardName = LaunchScreen;
				INFOPLIST_KEY_UIMainStoryboardFile = Main;
				INFOPLIST_KEY_UISupportedInterfaceOrientations_iPad = "UIInterfaceOrientationPortrait UIInterfaceOrientationPortraitUpsideDown UIInterfaceOrientationLandscapeLeft UIInterfaceOrientationLandscapeRight";
				INFOPLIST_KEY_UISupportedInterfaceOrientations_iPhone = "UIInterfaceOrientationPortrait UIInterfaceOrientationLandscapeLeft UIInterfaceOrientationLandscapeRight";
				LD_RUNPATH_SEARCH_PATHS = (
					"$(inherited)",
					"@executable_path/Frameworks",
				);
				MARKETING_VERSION = 1.0;
				PRODUCT_BUNDLE_IDENTIFIER = com.schioppo.topcryptomonitor.TopCryptoMonitor;
				PRODUCT_NAME = "$(TARGET_NAME)";
				SWIFT_EMIT_LOC_STRINGS = YES;
				SWIFT_VERSION = 5.0;
				TARGETED_DEVICE_FAMILY = "1,2";
			};
			name = Debug;
		};
		BAB7EC062D16E9980097BDA2 /* Release */ = {
			isa = XCBuildConfiguration;
			buildSettings = {
				ASSETCATALOG_COMPILER_APPICON_NAME = AppIcon;
				ASSETCATALOG_COMPILER_GLOBAL_ACCENT_COLOR_NAME = AccentColor;
				CODE_SIGN_STYLE = Automatic;
				CURRENT_PROJECT_VERSION = 1;
				DEVELOPMENT_TEAM = 6785X5JWR4;
				GENERATE_INFOPLIST_FILE = YES;
				INFOPLIST_FILE = TopCryptoMonitor/Info.plist;
				INFOPLIST_KEY_UIApplicationSupportsIndirectInputEvents = YES;
				INFOPLIST_KEY_UILaunchStoryboardName = LaunchScreen;
				INFOPLIST_KEY_UIMainStoryboardFile = Main;
				INFOPLIST_KEY_UISupportedInterfaceOrientations_iPad = "UIInterfaceOrientationPortrait UIInterfaceOrientationPortraitUpsideDown UIInterfaceOrientationLandscapeLeft UIInterfaceOrientationLandscapeRight";
				INFOPLIST_KEY_UISupportedInterfaceOrientations_iPhone = "UIInterfaceOrientationPortrait UIInterfaceOrientationLandscapeLeft UIInterfaceOrientationLandscapeRight";
				LD_RUNPATH_SEARCH_PATHS = (
					"$(inherited)",
					"@executable_path/Frameworks",
				);
				MARKETING_VERSION = 1.0;
				PRODUCT_BUNDLE_IDENTIFIER = com.schioppo.topcryptomonitor.TopCryptoMonitor;
				PRODUCT_NAME = "$(TARGET_NAME)";
				SWIFT_EMIT_LOC_STRINGS = YES;
				SWIFT_VERSION = 5.0;
				TARGETED_DEVICE_FAMILY = "1,2";
			};
			name = Release;
		};
		BAB7EC082D16E9980097BDA2 /* Debug */ = {
			isa = XCBuildConfiguration;
			buildSettings = {
				ALWAYS_EMBED_SWIFT_STANDARD_LIBRARIES = YES;
				BUNDLE_LOADER = "$(TEST_HOST)";
				CODE_SIGN_STYLE = Automatic;
				CURRENT_PROJECT_VERSION = 1;
				DEVELOPMENT_TEAM = 6785X5JWR4;
				GENERATE_INFOPLIST_FILE = YES;
				IPHONEOS_DEPLOYMENT_TARGET = 17.2;
				MARKETING_VERSION = 1.0;
				PRODUCT_BUNDLE_IDENTIFIER = com.schioppo.topcryptomonitor.TopCryptoMonitorTests;
				PRODUCT_NAME = "$(TARGET_NAME)";
				SWIFT_EMIT_LOC_STRINGS = NO;
				SWIFT_VERSION = 5.0;
				TARGETED_DEVICE_FAMILY = "1,2";
				TEST_HOST = "$(BUILT_PRODUCTS_DIR)/TopCryptoMonitor.app/$(BUNDLE_EXECUTABLE_FOLDER_PATH)/TopCryptoMonitor";
			};
			name = Debug;
		};
		BAB7EC092D16E9980097BDA2 /* Release */ = {
			isa = XCBuildConfiguration;
			buildSettings = {
				ALWAYS_EMBED_SWIFT_STANDARD_LIBRARIES = YES;
				BUNDLE_LOADER = "$(TEST_HOST)";
				CODE_SIGN_STYLE = Automatic;
				CURRENT_PROJECT_VERSION = 1;
				DEVELOPMENT_TEAM = 6785X5JWR4;
				GENERATE_INFOPLIST_FILE = YES;
				IPHONEOS_DEPLOYMENT_TARGET = 17.2;
				MARKETING_VERSION = 1.0;
				PRODUCT_BUNDLE_IDENTIFIER = com.schioppo.topcryptomonitor.TopCryptoMonitorTests;
				PRODUCT_NAME = "$(TARGET_NAME)";
				SWIFT_EMIT_LOC_STRINGS = NO;
				SWIFT_VERSION = 5.0;
				TARGETED_DEVICE_FAMILY = "1,2";
				TEST_HOST = "$(BUILT_PRODUCTS_DIR)/TopCryptoMonitor.app/$(BUNDLE_EXECUTABLE_FOLDER_PATH)/TopCryptoMonitor";
			};
			name = Release;
		};
		BAB7EC0B2D16E9980097BDA2 /* Debug */ = {
			isa = XCBuildConfiguration;
			buildSettings = {
				ALWAYS_EMBED_SWIFT_STANDARD_LIBRARIES = YES;
				CODE_SIGN_STYLE = Automatic;
				CURRENT_PROJECT_VERSION = 1;
				DEVELOPMENT_TEAM = 6785X5JWR4;
				GENERATE_INFOPLIST_FILE = YES;
				MARKETING_VERSION = 1.0;
				PRODUCT_BUNDLE_IDENTIFIER = com.schioppo.topcryptomonitor.TopCryptoMonitorUITests;
				PRODUCT_NAME = "$(TARGET_NAME)";
				SWIFT_EMIT_LOC_STRINGS = NO;
				SWIFT_VERSION = 5.0;
				TARGETED_DEVICE_FAMILY = "1,2";
				TEST_TARGET_NAME = TopCryptoMonitor;
			};
			name = Debug;
		};
		BAB7EC0C2D16E9980097BDA2 /* Release */ = {
			isa = XCBuildConfiguration;
			buildSettings = {
				ALWAYS_EMBED_SWIFT_STANDARD_LIBRARIES = YES;
				CODE_SIGN_STYLE = Automatic;
				CURRENT_PROJECT_VERSION = 1;
				DEVELOPMENT_TEAM = 6785X5JWR4;
				GENERATE_INFOPLIST_FILE = YES;
				MARKETING_VERSION = 1.0;
				PRODUCT_BUNDLE_IDENTIFIER = com.schioppo.topcryptomonitor.TopCryptoMonitorUITests;
				PRODUCT_NAME = "$(TARGET_NAME)";
				SWIFT_EMIT_LOC_STRINGS = NO;
				SWIFT_VERSION = 5.0;
				TARGETED_DEVICE_FAMILY = "1,2";
				TEST_TARGET_NAME = TopCryptoMonitor;
			};
			name = Release;
		};
/* End XCBuildConfiguration section */

/* Begin XCConfigurationList section */
		BAB7EBD52D16E9970097BDA2 /* Build configuration list for PBXProject "TopCryptoMonitor" */ = {
			isa = XCConfigurationList;
			buildConfigurations = (
				BAB7EC022D16E9980097BDA2 /* Debug */,
				BAB7EC032D16E9980097BDA2 /* Release */,
			);
			defaultConfigurationIsVisible = 0;
			defaultConfigurationName = Release;
		};
		BAB7EC042D16E9980097BDA2 /* Build configuration list for PBXNativeTarget "TopCryptoMonitor" */ = {
			isa = XCConfigurationList;
			buildConfigurations = (
				BAB7EC052D16E9980097BDA2 /* Debug */,
				BAB7EC062D16E9980097BDA2 /* Release */,
			);
			defaultConfigurationIsVisible = 0;
			defaultConfigurationName = Release;
		};
		BAB7EC072D16E9980097BDA2 /* Build configuration list for PBXNativeTarget "TopCryptoMonitorTests" */ = {
			isa = XCConfigurationList;
			buildConfigurations = (
				BAB7EC082D16E9980097BDA2 /* Debug */,
				BAB7EC092D16E9980097BDA2 /* Release */,
			);
			defaultConfigurationIsVisible = 0;
			defaultConfigurationName = Release;
		};
		BAB7EC0A2D16E9980097BDA2 /* Build configuration list for PBXNativeTarget "TopCryptoMonitorUITests" */ = {
			isa = XCConfigurationList;
			buildConfigurations = (
				BAB7EC0B2D16E9980097BDA2 /* Debug */,
				BAB7EC0C2D16E9980097BDA2 /* Release */,
			);
			defaultConfigurationIsVisible = 0;
			defaultConfigurationName = Release;
		};
/* End XCConfigurationList section */
	};
	rootObject = BAB7EBD22D16E9970097BDA2 /* Project object */;
}
